// !$*UTF8*$!
{
	archiveVersion = 1;
	classes = {
	};
	objectVersion = 50;
	objects = {

/* Begin PBXBuildFile section */
		D18E5D2B247BB2D4001368CC /* AppDelegate.swift in Sources */ = {isa = PBXBuildFile; fileRef = D18E5D2A247BB2D4001368CC /* AppDelegate.swift */; };
		D18E5D2D247BB2D4001368CC /* SceneDelegate.swift in Sources */ = {isa = PBXBuildFile; fileRef = D18E5D2C247BB2D4001368CC /* SceneDelegate.swift */; };
		D18E5D2F247BB2D4001368CC /* ViewController.swift in Sources */ = {isa = PBXBuildFile; fileRef = D18E5D2E247BB2D4001368CC /* ViewController.swift */; };
		D18E5D32247BB2D4001368CC /* Main.storyboard in Resources */ = {isa = PBXBuildFile; fileRef = D18E5D30247BB2D4001368CC /* Main.storyboard */; };
		D18E5D34247BB2D6001368CC /* Assets.xcassets in Resources */ = {isa = PBXBuildFile; fileRef = D18E5D33247BB2D6001368CC /* Assets.xcassets */; };
		D18E5D37247BB2D6001368CC /* LaunchScreen.storyboard in Resources */ = {isa = PBXBuildFile; fileRef = D18E5D35247BB2D6001368CC /* LaunchScreen.storyboard */; };
		D18E5D42247BB2D6001368CC /* ClibTests.swift in Sources */ = {isa = PBXBuildFile; fileRef = D18E5D41247BB2D6001368CC /* ClibTests.swift */; };
		D18E5D4D247BB2D6001368CC /* ClibUITests.swift in Sources */ = {isa = PBXBuildFile; fileRef = D18E5D4C247BB2D6001368CC /* ClibUITests.swift */; };
/* End PBXBuildFile section */

/* Begin PBXContainerItemProxy section */
		D18E5D3E247BB2D6001368CC /* PBXContainerItemProxy */ = {
			isa = PBXContainerItemProxy;
			containerPortal = D18E5D1F247BB2D4001368CC /* Project object */;
			proxyType = 1;
			remoteGlobalIDString = D18E5D26247BB2D4001368CC;
			remoteInfo = Clib;
		};
		D18E5D49247BB2D6001368CC /* PBXContainerItemProxy */ = {
			isa = PBXContainerItemProxy;
			containerPortal = D18E5D1F247BB2D4001368CC /* Project object */;
			proxyType = 1;
			remoteGlobalIDString = D18E5D26247BB2D4001368CC;
			remoteInfo = Clib;
		};
/* End PBXContainerItemProxy section */

/* Begin PBXFileReference section */
		D18E5D27247BB2D4001368CC /* Clib.app */ = {isa = PBXFileReference; explicitFileType = wrapper.application; includeInIndex = 0; path = Clib.app; sourceTree = BUILT_PRODUCTS_DIR; };
		D18E5D2A247BB2D4001368CC /* AppDelegate.swift */ = {isa = PBXFileReference; lastKnownFileType = sourcecode.swift; path = AppDelegate.swift; sourceTree = "<group>"; };
		D18E5D2C247BB2D4001368CC /* SceneDelegate.swift */ = {isa = PBXFileReference; lastKnownFileType = sourcecode.swift; path = SceneDelegate.swift; sourceTree = "<group>"; };
		D18E5D2E247BB2D4001368CC /* ViewController.swift */ = {isa = PBXFileReference; lastKnownFileType = sourcecode.swift; path = ViewController.swift; sourceTree = "<group>"; };
		D18E5D31247BB2D4001368CC /* Base */ = {isa = PBXFileReference; lastKnownFileType = file.storyboard; name = Base; path = Base.lproj/Main.storyboard; sourceTree = "<group>"; };
		D18E5D33247BB2D6001368CC /* Assets.xcassets */ = {isa = PBXFileReference; lastKnownFileType = folder.assetcatalog; path = Assets.xcassets; sourceTree = "<group>"; };
		D18E5D36247BB2D6001368CC /* Base */ = {isa = PBXFileReference; lastKnownFileType = file.storyboard; name = Base; path = Base.lproj/LaunchScreen.storyboard; sourceTree = "<group>"; };
		D18E5D38247BB2D6001368CC /* Info.plist */ = {isa = PBXFileReference; lastKnownFileType = text.plist.xml; path = Info.plist; sourceTree = "<group>"; };
		D18E5D3D247BB2D6001368CC /* ClibTests.xctest */ = {isa = PBXFileReference; explicitFileType = wrapper.cfbundle; includeInIndex = 0; path = ClibTests.xctest; sourceTree = BUILT_PRODUCTS_DIR; };
		D18E5D41247BB2D6001368CC /* ClibTests.swift */ = {isa = PBXFileReference; lastKnownFileType = sourcecode.swift; path = ClibTests.swift; sourceTree = "<group>"; };
		D18E5D43247BB2D6001368CC /* Info.plist */ = {isa = PBXFileReference; lastKnownFileType = text.plist.xml; path = Info.plist; sourceTree = "<group>"; };
		D18E5D48247BB2D6001368CC /* ClibUITests.xctest */ = {isa = PBXFileReference; explicitFileType = wrapper.cfbundle; includeInIndex = 0; path = ClibUITests.xctest; sourceTree = BUILT_PRODUCTS_DIR; };
		D18E5D4C247BB2D6001368CC /* ClibUITests.swift */ = {isa = PBXFileReference; lastKnownFileType = sourcecode.swift; path = ClibUITests.swift; sourceTree = "<group>"; };
		D18E5D4E247BB2D6001368CC /* Info.plist */ = {isa = PBXFileReference; lastKnownFileType = text.plist.xml; path = Info.plist; sourceTree = "<group>"; };
/* End PBXFileReference section */

/* Begin PBXFrameworksBuildPhase section */
		D18E5D24247BB2D4001368CC /* Frameworks */ = {
			isa = PBXFrameworksBuildPhase;
			buildActionMask = 2147483647;
			files = (
			);
			runOnlyForDeploymentPostprocessing = 0;
		};
		D18E5D3A247BB2D6001368CC /* Frameworks */ = {
			isa = PBXFrameworksBuildPhase;
			buildActionMask = 2147483647;
			files = (
			);
			runOnlyForDeploymentPostprocessing = 0;
		};
		D18E5D45247BB2D6001368CC /* Frameworks */ = {
			isa = PBXFrameworksBuildPhase;
			buildActionMask = 2147483647;
			files = (
			);
			runOnlyForDeploymentPostprocessing = 0;
		};
/* End PBXFrameworksBuildPhase section */

/* Begin PBXGroup section */
		D18E5D1E247BB2D4001368CC = {
			isa = PBXGroup;
			children = (
				D18E5D29247BB2D4001368CC /* Clib */,
				D18E5D40247BB2D6001368CC /* ClibTests */,
				D18E5D4B247BB2D6001368CC /* ClibUITests */,
				D18E5D28247BB2D4001368CC /* Products */,
			);
			sourceTree = "<group>";
		};
		D18E5D28247BB2D4001368CC /* Products */ = {
			isa = PBXGroup;
			children = (
				D18E5D27247BB2D4001368CC /* Clib.app */,
				D18E5D3D247BB2D6001368CC /* ClibTests.xctest */,
				D18E5D48247BB2D6001368CC /* ClibUITests.xctest */,
			);
			name = Products;
			sourceTree = "<group>";
		};
		D18E5D29247BB2D4001368CC /* Clib */ = {
			isa = PBXGroup;
			children = (
				D18E5D2A247BB2D4001368CC /* AppDelegate.swift */,
				D18E5D2C247BB2D4001368CC /* SceneDelegate.swift */,
				D18E5D2E247BB2D4001368CC /* ViewController.swift */,
				D18E5D30247BB2D4001368CC /* Main.storyboard */,
				D18E5D33247BB2D6001368CC /* Assets.xcassets */,
				D18E5D35247BB2D6001368CC /* LaunchScreen.storyboard */,
				D18E5D38247BB2D6001368CC /* Info.plist */,
			);
			path = Clib;
			sourceTree = "<group>";
		};
		D18E5D40247BB2D6001368CC /* ClibTests */ = {
			isa = PBXGroup;
			children = (
				D18E5D41247BB2D6001368CC /* ClibTests.swift */,
				D18E5D43247BB2D6001368CC /* Info.plist */,
			);
			path = ClibTests;
			sourceTree = "<group>";
		};
		D18E5D4B247BB2D6001368CC /* ClibUITests */ = {
			isa = PBXGroup;
			children = (
				D18E5D4C247BB2D6001368CC /* ClibUITests.swift */,
				D18E5D4E247BB2D6001368CC /* Info.plist */,
			);
			path = ClibUITests;
			sourceTree = "<group>";
		};
/* End PBXGroup section */

/* Begin PBXNativeTarget section */
		D18E5D26247BB2D4001368CC /* Clib */ = {
			isa = PBXNativeTarget;
			buildConfigurationList = D18E5D51247BB2D6001368CC /* Build configuration list for PBXNativeTarget "Clib" */;
			buildPhases = (
				D18E5D23247BB2D4001368CC /* Sources */,
				D18E5D24247BB2D4001368CC /* Frameworks */,
				D18E5D25247BB2D4001368CC /* Resources */,
			);
			buildRules = (
			);
			dependencies = (
			);
			name = Clib;
			productName = Clib;
			productReference = D18E5D27247BB2D4001368CC /* Clib.app */;
			productType = "com.apple.product-type.application";
		};
		D18E5D3C247BB2D6001368CC /* ClibTests */ = {
			isa = PBXNativeTarget;
			buildConfigurationList = D18E5D54247BB2D6001368CC /* Build configuration list for PBXNativeTarget "ClibTests" */;
			buildPhases = (
				D18E5D39247BB2D6001368CC /* Sources */,
				D18E5D3A247BB2D6001368CC /* Frameworks */,
				D18E5D3B247BB2D6001368CC /* Resources */,
			);
			buildRules = (
			);
			dependencies = (
				D18E5D3F247BB2D6001368CC /* PBXTargetDependency */,
			);
			name = ClibTests;
			productName = ClibTests;
			productReference = D18E5D3D247BB2D6001368CC /* ClibTests.xctest */;
			productType = "com.apple.product-type.bundle.unit-test";
		};
		D18E5D47247BB2D6001368CC /* ClibUITests */ = {
			isa = PBXNativeTarget;
			buildConfigurationList = D18E5D57247BB2D6001368CC /* Build configuration list for PBXNativeTarget "ClibUITests" */;
			buildPhases = (
				D18E5D44247BB2D6001368CC /* Sources */,
				D18E5D45247BB2D6001368CC /* Frameworks */,
				D18E5D46247BB2D6001368CC /* Resources */,
			);
			buildRules = (
			);
			dependencies = (
				D18E5D4A247BB2D6001368CC /* PBXTargetDependency */,
			);
			name = ClibUITests;
			productName = ClibUITests;
			productReference = D18E5D48247BB2D6001368CC /* ClibUITests.xctest */;
			productType = "com.apple.product-type.bundle.ui-testing";
		};
/* End PBXNativeTarget section */

/* Begin PBXProject section */
		D18E5D1F247BB2D4001368CC /* Project object */ = {
			isa = PBXProject;
			attributes = {
				LastSwiftUpdateCheck = 1140;
				LastUpgradeCheck = 1140;
				ORGANIZATIONNAME = leehyeju;
				TargetAttributes = {
					D18E5D26247BB2D4001368CC = {
						CreatedOnToolsVersion = 11.4.1;
					};
					D18E5D3C247BB2D6001368CC = {
						CreatedOnToolsVersion = 11.4.1;
						TestTargetID = D18E5D26247BB2D4001368CC;
					};
					D18E5D47247BB2D6001368CC = {
						CreatedOnToolsVersion = 11.4.1;
						TestTargetID = D18E5D26247BB2D4001368CC;
					};
				};
			};
			buildConfigurationList = D18E5D22247BB2D4001368CC /* Build configuration list for PBXProject "Clib" */;
			compatibilityVersion = "Xcode 9.3";
			developmentRegion = en;
			hasScannedForEncodings = 0;
			knownRegions = (
				en,
				Base,
			);
			mainGroup = D18E5D1E247BB2D4001368CC;
			productRefGroup = D18E5D28247BB2D4001368CC /* Products */;
			projectDirPath = "";
			projectRoot = "";
			targets = (
				D18E5D26247BB2D4001368CC /* Clib */,
				D18E5D3C247BB2D6001368CC /* ClibTests */,
				D18E5D47247BB2D6001368CC /* ClibUITests */,
			);
		};
/* End PBXProject section */

/* Begin PBXResourcesBuildPhase section */
		D18E5D25247BB2D4001368CC /* Resources */ = {
			isa = PBXResourcesBuildPhase;
			buildActionMask = 2147483647;
			files = (
				D18E5D37247BB2D6001368CC /* LaunchScreen.storyboard in Resources */,
				D18E5D34247BB2D6001368CC /* Assets.xcassets in Resources */,
				D18E5D32247BB2D4001368CC /* Main.storyboard in Resources */,
			);
			runOnlyForDeploymentPostprocessing = 0;
		};
		D18E5D3B247BB2D6001368CC /* Resources */ = {
			isa = PBXResourcesBuildPhase;
			buildActionMask = 2147483647;
			files = (
			);
			runOnlyForDeploymentPostprocessing = 0;
		};
		D18E5D46247BB2D6001368CC /* Resources */ = {
			isa = PBXResourcesBuildPhase;
			buildActionMask = 2147483647;
			files = (
			);
			runOnlyForDeploymentPostprocessing = 0;
		};
/* End PBXResourcesBuildPhase section */

/* Begin PBXSourcesBuildPhase section */
		D18E5D23247BB2D4001368CC /* Sources */ = {
			isa = PBXSourcesBuildPhase;
			buildActionMask = 2147483647;
			files = (
				D18E5D2F247BB2D4001368CC /* ViewController.swift in Sources */,
				D18E5D2B247BB2D4001368CC /* AppDelegate.swift in Sources */,
				D18E5D2D247BB2D4001368CC /* SceneDelegate.swift in Sources */,
			);
			runOnlyForDeploymentPostprocessing = 0;
		};
		D18E5D39247BB2D6001368CC /* Sources */ = {
			isa = PBXSourcesBuildPhase;
			buildActionMask = 2147483647;
			files = (
				D18E5D42247BB2D6001368CC /* ClibTests.swift in Sources */,
			);
			runOnlyForDeploymentPostprocessing = 0;
		};
		D18E5D44247BB2D6001368CC /* Sources */ = {
			isa = PBXSourcesBuildPhase;
			buildActionMask = 2147483647;
			files = (
				D18E5D4D247BB2D6001368CC /* ClibUITests.swift in Sources */,
			);
			runOnlyForDeploymentPostprocessing = 0;
		};
/* End PBXSourcesBuildPhase section */

/* Begin PBXTargetDependency section */
		D18E5D3F247BB2D6001368CC /* PBXTargetDependency */ = {
			isa = PBXTargetDependency;
			target = D18E5D26247BB2D4001368CC /* Clib */;
			targetProxy = D18E5D3E247BB2D6001368CC /* PBXContainerItemProxy */;
		};
		D18E5D4A247BB2D6001368CC /* PBXTargetDependency */ = {
			isa = PBXTargetDependency;
			target = D18E5D26247BB2D4001368CC /* Clib */;
			targetProxy = D18E5D49247BB2D6001368CC /* PBXContainerItemProxy */;
		};
/* End PBXTargetDependency section */

/* Begin PBXVariantGroup section */
		D18E5D30247BB2D4001368CC /* Main.storyboard */ = {
			isa = PBXVariantGroup;
			children = (
				D18E5D31247BB2D4001368CC /* Base */,
			);
			name = Main.storyboard;
			sourceTree = "<group>";
		};
		D18E5D35247BB2D6001368CC /* LaunchScreen.storyboard */ = {
			isa = PBXVariantGroup;
			children = (
				D18E5D36247BB2D6001368CC /* Base */,
			);
			name = LaunchScreen.storyboard;
			sourceTree = "<group>";
		};
/* End PBXVariantGroup section */

/* Begin XCBuildConfiguration section */
		D18E5D4F247BB2D6001368CC /* Debug */ = {
			isa = XCBuildConfiguration;
			buildSettings = {
				ALWAYS_SEARCH_USER_PATHS = NO;
				CLANG_ANALYZER_NONNULL = YES;
				CLANG_ANALYZER_NUMBER_OBJECT_CONVERSION = YES_AGGRESSIVE;
				CLANG_CXX_LANGUAGE_STANDARD = "gnu++14";
				CLANG_CXX_LIBRARY = "libc++";
				CLANG_ENABLE_MODULES = YES;
				CLANG_ENABLE_OBJC_ARC = YES;
				CLANG_ENABLE_OBJC_WEAK = YES;
				CLANG_WARN_BLOCK_CAPTURE_AUTORELEASING = YES;
				CLANG_WARN_BOOL_CONVERSION = YES;
				CLANG_WARN_COMMA = YES;
				CLANG_WARN_CONSTANT_CONVERSION = YES;
				CLANG_WARN_DEPRECATED_OBJC_IMPLEMENTATIONS = YES;
				CLANG_WARN_DIRECT_OBJC_ISA_USAGE = YES_ERROR;
				CLANG_WARN_DOCUMENTATION_COMMENTS = YES;
				CLANG_WARN_EMPTY_BODY = YES;
				CLANG_WARN_ENUM_CONVERSION = YES;
				CLANG_WARN_INFINITE_RECURSION = YES;
				CLANG_WARN_INT_CONVERSION = YES;
				CLANG_WARN_NON_LITERAL_NULL_CONVERSION = YES;
				CLANG_WARN_OBJC_IMPLICIT_RETAIN_SELF = YES;
				CLANG_WARN_OBJC_LITERAL_CONVERSION = YES;
				CLANG_WARN_OBJC_ROOT_CLASS = YES_ERROR;
				CLANG_WARN_RANGE_LOOP_ANALYSIS = YES;
				CLANG_WARN_STRICT_PROTOTYPES = YES;
				CLANG_WARN_SUSPICIOUS_MOVE = YES;
				CLANG_WARN_UNGUARDED_AVAILABILITY = YES_AGGRESSIVE;
				CLANG_WARN_UNREACHABLE_CODE = YES;
				CLANG_WARN__DUPLICATE_METHOD_MATCH = YES;
				COPY_PHASE_STRIP = NO;
				DEBUG_INFORMATION_FORMAT = dwarf;
				ENABLE_STRICT_OBJC_MSGSEND = YES;
				ENABLE_TESTABILITY = YES;
				GCC_C_LANGUAGE_STANDARD = gnu11;
				GCC_DYNAMIC_NO_PIC = NO;
				GCC_NO_COMMON_BLOCKS = YES;
				GCC_OPTIMIZATION_LEVEL = 0;
				GCC_PREPROCESSOR_DEFINITIONS = (
					"DEBUG=1",
					"$(inherited)",
				);
				GCC_WARN_64_TO_32_BIT_CONVERSION = YES;
				GCC_WARN_ABOUT_RETURN_TYPE = YES_ERROR;
				GCC_WARN_UNDECLARED_SELECTOR = YES;
				GCC_WARN_UNINITIALIZED_AUTOS = YES_AGGRESSIVE;
				GCC_WARN_UNUSED_FUNCTION = YES;
				GCC_WARN_UNUSED_VARIABLE = YES;
				IPHONEOS_DEPLOYMENT_TARGET = 13.4;
				MTL_ENABLE_DEBUG_INFO = INCLUDE_SOURCE;
				MTL_FAST_MATH = YES;
				ONLY_ACTIVE_ARCH = YES;
				SDKROOT = iphoneos;
				SWIFT_ACTIVE_COMPILATION_CONDITIONS = DEBUG;
				SWIFT_OPTIMIZATION_LEVEL = "-Onone";
			};
			name = Debug;
		};
		D18E5D50247BB2D6001368CC /* Release */ = {
			isa = XCBuildConfiguration;
			buildSettings = {
				ALWAYS_SEARCH_USER_PATHS = NO;
				CLANG_ANALYZER_NONNULL = YES;
				CLANG_ANALYZER_NUMBER_OBJECT_CONVERSION = YES_AGGRESSIVE;
				CLANG_CXX_LANGUAGE_STANDARD = "gnu++14";
				CLANG_CXX_LIBRARY = "libc++";
				CLANG_ENABLE_MODULES = YES;
				CLANG_ENABLE_OBJC_ARC = YES;
				CLANG_ENABLE_OBJC_WEAK = YES;
				CLANG_WARN_BLOCK_CAPTURE_AUTORELEASING = YES;
				CLANG_WARN_BOOL_CONVERSION = YES;
				CLANG_WARN_COMMA = YES;
				CLANG_WARN_CONSTANT_CONVERSION = YES;
				CLANG_WARN_DEPRECATED_OBJC_IMPLEMENTATIONS = YES;
				CLANG_WARN_DIRECT_OBJC_ISA_USAGE = YES_ERROR;
				CLANG_WARN_DOCUMENTATION_COMMENTS = YES;
				CLANG_WARN_EMPTY_BODY = YES;
				CLANG_WARN_ENUM_CONVERSION = YES;
				CLANG_WARN_INFINITE_RECURSION = YES;
				CLANG_WARN_INT_CONVERSION = YES;
				CLANG_WARN_NON_LITERAL_NULL_CONVERSION = YES;
				CLANG_WARN_OBJC_IMPLICIT_RETAIN_SELF = YES;
				CLANG_WARN_OBJC_LITERAL_CONVERSION = YES;
				CLANG_WARN_OBJC_ROOT_CLASS = YES_ERROR;
				CLANG_WARN_RANGE_LOOP_ANALYSIS = YES;
				CLANG_WARN_STRICT_PROTOTYPES = YES;
				CLANG_WARN_SUSPICIOUS_MOVE = YES;
				CLANG_WARN_UNGUARDED_AVAILABILITY = YES_AGGRESSIVE;
				CLANG_WARN_UNREACHABLE_CODE = YES;
				CLANG_WARN__DUPLICATE_METHOD_MATCH = YES;
				COPY_PHASE_STRIP = NO;
				DEBUG_INFORMATION_FORMAT = "dwarf-with-dsym";
				ENABLE_NS_ASSERTIONS = NO;
				ENABLE_STRICT_OBJC_MSGSEND = YES;
				GCC_C_LANGUAGE_STANDARD = gnu11;
				GCC_NO_COMMON_BLOCKS = YES;
				GCC_WARN_64_TO_32_BIT_CONVERSION = YES;
				GCC_WARN_ABOUT_RETURN_TYPE = YES_ERROR;
				GCC_WARN_UNDECLARED_SELECTOR = YES;
				GCC_WARN_UNINITIALIZED_AUTOS = YES_AGGRESSIVE;
				GCC_WARN_UNUSED_FUNCTION = YES;
				GCC_WARN_UNUSED_VARIABLE = YES;
				IPHONEOS_DEPLOYMENT_TARGET = 13.4;
				MTL_ENABLE_DEBUG_INFO = NO;
				MTL_FAST_MATH = YES;
				SDKROOT = iphoneos;
				SWIFT_COMPILATION_MODE = wholemodule;
				SWIFT_OPTIMIZATION_LEVEL = "-O";
				VALIDATE_PRODUCT = YES;
			};
			name = Release;
		};
		D18E5D52247BB2D6001368CC /* Debug */ = {
			isa = XCBuildConfiguration;
			buildSettings = {
				ASSETCATALOG_COMPILER_APPICON_NAME = AppIcon;
				CODE_SIGN_STYLE = Automatic;
				DEVELOPMENT_TEAM = P55BH5C78Q;
				INFOPLIST_FILE = Clib/Info.plist;
				LD_RUNPATH_SEARCH_PATHS = (
					"$(inherited)",
					"@executable_path/Frameworks",
				);
				PRODUCT_BUNDLE_IDENTIFIER = leehyeju.Clib;
				PRODUCT_NAME = "$(TARGET_NAME)";
				SWIFT_VERSION = 5.0;
				TARGETED_DEVICE_FAMILY = "1,2";
			};
			name = Debug;
		};
		D18E5D53247BB2D6001368CC /* Release */ = {
			isa = XCBuildConfiguration;
			buildSettings = {
				ASSETCATALOG_COMPILER_APPICON_NAME = AppIcon;
				CODE_SIGN_STYLE = Automatic;
				DEVELOPMENT_TEAM = P55BH5C78Q;
				INFOPLIST_FILE = Clib/Info.plist;
				LD_RUNPATH_SEARCH_PATHS = (
					"$(inherited)",
					"@executable_path/Frameworks",
				);
				PRODUCT_BUNDLE_IDENTIFIER = leehyeju.Clib;
				PRODUCT_NAME = "$(TARGET_NAME)";
				SWIFT_VERSION = 5.0;
				TARGETED_DEVICE_FAMILY = "1,2";
			};
			name = Release;
		};
		D18E5D55247BB2D6001368CC /* Debug */ = {
			isa = XCBuildConfiguration;
			buildSettings = {
				ALWAYS_EMBED_SWIFT_STANDARD_LIBRARIES = YES;
				BUNDLE_LOADER = "$(TEST_HOST)";
				CODE_SIGN_STYLE = Automatic;
				DEVELOPMENT_TEAM = P55BH5C78Q;
				INFOPLIST_FILE = ClibTests/Info.plist;
				IPHONEOS_DEPLOYMENT_TARGET = 13.4;
				LD_RUNPATH_SEARCH_PATHS = (
					"$(inherited)",
					"@executable_path/Frameworks",
					"@loader_path/Frameworks",
				);
				PRODUCT_BUNDLE_IDENTIFIER = leehyeju.ClibTests;
				PRODUCT_NAME = "$(TARGET_NAME)";
				SWIFT_VERSION = 5.0;
				TARGETED_DEVICE_FAMILY = "1,2";
				TEST_HOST = "$(BUILT_PRODUCTS_DIR)/Clib.app/Clib";
			};
			name = Debug;
		};
		D18E5D56247BB2D6001368CC /* Release */ = {
			isa = XCBuildConfiguration;
			buildSettings = {
				ALWAYS_EMBED_SWIFT_STANDARD_LIBRARIES = YES;
				BUNDLE_LOADER = "$(TEST_HOST)";
				CODE_SIGN_STYLE = Automatic;
				DEVELOPMENT_TEAM = P55BH5C78Q;
				INFOPLIST_FILE = ClibTests/Info.plist;
				IPHONEOS_DEPLOYMENT_TARGET = 13.4;
				LD_RUNPATH_SEARCH_PATHS = (
					"$(inherited)",
					"@executable_path/Frameworks",
					"@loader_path/Frameworks",
				);
				PRODUCT_BUNDLE_IDENTIFIER = leehyeju.ClibTests;
				PRODUCT_NAME = "$(TARGET_NAME)";
				SWIFT_VERSION = 5.0;
				TARGETED_DEVICE_FAMILY = "1,2";
				TEST_HOST = "$(BUILT_PRODUCTS_DIR)/Clib.app/Clib";
			};
			name = Release;
		};
		D18E5D58247BB2D6001368CC /* Debug */ = {
			isa = XCBuildConfiguration;
			buildSettings = {
				ALWAYS_EMBED_SWIFT_STANDARD_LIBRARIES = YES;
				CODE_SIGN_STYLE = Automatic;
				DEVELOPMENT_TEAM = P55BH5C78Q;
				INFOPLIST_FILE = ClibUITests/Info.plist;
				LD_RUNPATH_SEARCH_PATHS = (
					"$(inherited)",
					"@executable_path/Frameworks",
					"@loader_path/Frameworks",
				);
				PRODUCT_BUNDLE_IDENTIFIER = leehyeju.ClibUITests;
				PRODUCT_NAME = "$(TARGET_NAME)";
				SWIFT_VERSION = 5.0;
				TARGETED_DEVICE_FAMILY = "1,2";
				TEST_TARGET_NAME = Clib;
			};
			name = Debug;
		};
		D18E5D59247BB2D6001368CC /* Release */ = {
			isa = XCBuildConfiguration;
			buildSettings = {
				ALWAYS_EMBED_SWIFT_STANDARD_LIBRARIES = YES;
				CODE_SIGN_STYLE = Automatic;
				DEVELOPMENT_TEAM = P55BH5C78Q;
				INFOPLIST_FILE = ClibUITests/Info.plist;
				LD_RUNPATH_SEARCH_PATHS = (
					"$(inherited)",
					"@executable_path/Frameworks",
					"@loader_path/Frameworks",
				);
				PRODUCT_BUNDLE_IDENTIFIER = leehyeju.ClibUITests;
				PRODUCT_NAME = "$(TARGET_NAME)";
				SWIFT_VERSION = 5.0;
				TARGETED_DEVICE_FAMILY = "1,2";
				TEST_TARGET_NAME = Clib;
			};
			name = Release;
		};
/* End XCBuildConfiguration section */

/* Begin XCConfigurationList section */
		D18E5D22247BB2D4001368CC /* Build configuration list for PBXProject "Clib" */ = {
			isa = XCConfigurationList;
			buildConfigurations = (
				D18E5D4F247BB2D6001368CC /* Debug */,
				D18E5D50247BB2D6001368CC /* Release */,
			);
			defaultConfigurationIsVisible = 0;
			defaultConfigurationName = Release;
		};
		D18E5D51247BB2D6001368CC /* Build configuration list for PBXNativeTarget "Clib" */ = {
			isa = XCConfigurationList;
			buildConfigurations = (
				D18E5D52247BB2D6001368CC /* Debug */,
				D18E5D53247BB2D6001368CC /* Release */,
			);
			defaultConfigurationIsVisible = 0;
			defaultConfigurationName = Release;
		};
		D18E5D54247BB2D6001368CC /* Build configuration list for PBXNativeTarget "ClibTests" */ = {
			isa = XCConfigurationList;
			buildConfigurations = (
				D18E5D55247BB2D6001368CC /* Debug */,
				D18E5D56247BB2D6001368CC /* Release */,
			);
			defaultConfigurationIsVisible = 0;
			defaultConfigurationName = Release;
		};
		D18E5D57247BB2D6001368CC /* Build configuration list for PBXNativeTarget "ClibUITests" */ = {
			isa = XCConfigurationList;
			buildConfigurations = (
				D18E5D58247BB2D6001368CC /* Debug */,
				D18E5D59247BB2D6001368CC /* Release */,
			);
			defaultConfigurationIsVisible = 0;
			defaultConfigurationName = Release;
		};
/* End XCConfigurationList section */
	};
	rootObject = D18E5D1F247BB2D4001368CC /* Project object */;
}
